{
  "requires": true,
  "lockfileVersion": 1,
  "dependencies": {
    "idb": {
      "version": "6.1.4",
      "resolved": "https://registry.npmjs.org/idb/-/idb-6.1.4.tgz",
      "integrity": "sha512-DshI5yxIB3NYc47cPpfipYX8MSIgQPqVR+WoaGI9EDq6cnLGgGYR1fp6z8/Bq9vMS8Jq1bS3eWUgXpFO5+ypSA=="
    },
    "workbox-cacheable-response": {
      "version": "6.3.0",
      "resolved": "https://registry.npmjs.org/workbox-cacheable-response/-/workbox-cacheable-response-6.3.0.tgz",
      "integrity": "sha512-oYCRGF6PFEmJJkktdxYw/tcrU8N5u/2ihxVSHd+9sNqjNMDiXLqsewcEG544f1yx7gq5/u6VcvUA5N62KzN1GQ==",
      "requires": {
        "workbox-core": "6.3.0"
      }
    },
    "workbox-core": {
      "version": "6.3.0",
      "resolved": "https://registry.npmjs.org/workbox-core/-/workbox-core-6.3.0.tgz",
      "integrity": "sha512-SufToEV3SOLwwz3j+P4pgkfpzLRUlR17sX3p/LrMHP/brYKvJQqjTwtSvaCkkAX0RPHX2TFHmN8xhPP1bpmomg=="
    },
    "workbox-expiration": {
      "version": "6.3.0",
      "resolved": "https://registry.npmjs.org/workbox-expiration/-/workbox-expiration-6.3.0.tgz",
      "integrity": "sha512-teYuYfM3HFbwAD/nlZDw/dCMOrCKjsAiMRhz0uOy9IkfBb7vBynO3xf118lY62X6BfqjZdeahiHh10N0/aYICg==",
      "requires": {
        "idb": "^6.0.0",
        "workbox-core": "6.3.0"
      }
    },
    "workbox-routing": {
      "version": "6.3.0",
      "resolved": "https://registry.npmjs.org/workbox-routing/-/workbox-routing-6.3.0.tgz",
      "integrity": "sha512-asajX5UPkaoU4PB9pEpxKWKkcpA+KJQUEeYU6NlK0rXTCpdWQ6iieMRDoBTZBjTzUdL3j3s1Zo2qCOSvtXSYGg==",
      "requires": {
        "workbox-core": "6.3.0"
      }
    },
    "workbox-strategies": {
      "version": "6.3.0",
      "resolved": "https://registry.npmjs.org/workbox-strategies/-/workbox-strategies-6.3.0.tgz",
      "integrity": "sha512-SYZt40y+Iu5nA+UEPQOrAuAMMNTxtUBPLCIaMMb4lcADpBYrNP1CD+/s2QsrxzS651a8hfi06REKt+uTp1tqfw==",
      "requires": {
        "workbox-core": "6.3.0"
      }
    }
  }
}
